
Microsoft Visual Studio Solution File, Format Version 12.00
# Visual Studio 14
VisualStudioVersion = 14.0.25420.1
MinimumVisualStudioVersion = 10.0.40219.1
Project("{FAE04EC0-301F-11D3-BF4B-00C04F79EFBC}") = "AvaliacaoDesempenho", "AvaliacaoDesempenho\AvaliacaoDesempenho.csproj", "{B3634C0E-DD4D-4BC6-9B6C-25BCE52E64D2}"
EndProject
Project("{FAE04EC0-301F-11D3-BF4B-00C04F79EFBC}") = "ADFramework", "ADFramework\ADFramework.csproj", "{78D8D54F-A54B-43B7-932C-185590345888}"
EndProject
Project("{00D1A9C2-B5F0-4AF3-8072-F6C62B433612}") = "BaseDados", "BaseDados\BaseDados.sqlproj", "{6F8C0564-328E-477B-BD8C-60F5A3F7B111}"
EndProject
Global
	GlobalSection(SolutionConfigurationPlatforms) = preSolution
		Debug|Any CPU = Debug|Any CPU
		Development|Any CPU = Development|Any CPU
		Release|Any CPU = Release|Any CPU
	EndGlobalSection
	GlobalSection(ProjectConfigurationPlatforms) = postSolution
		{B3634C0E-DD4D-4BC6-9B6C-25BCE52E64D2}.Debug|Any CPU.ActiveCfg = Debug|Any CPU
		{B3634C0E-DD4D-4BC6-9B6C-25BCE52E64D2}.Debug|Any CPU.Build.0 = Debug|Any CPU
		{B3634C0E-DD4D-4BC6-9B6C-25BCE52E64D2}.Development|Any CPU.ActiveCfg = Debug|Any CPU
		{B3634C0E-DD4D-4BC6-9B6C-25BCE52E64D2}.Development|Any CPU.Build.0 = Debug|Any CPU
		{B3634C0E-DD4D-4BC6-9B6C-25BCE52E64D2}.Release|Any CPU.ActiveCfg = Release|Any CPU
		{B3634C0E-DD4D-4BC6-9B6C-25BCE52E64D2}.Release|Any CPU.Build.0 = Release|Any CPU
		{78D8D54F-A54B-43B7-932C-185590345888}.Debug|Any CPU.ActiveCfg = Debug|Any CPU
		{78D8D54F-A54B-43B7-932C-185590345888}.Debug|Any CPU.Build.0 = Debug|Any CPU
		{78D8D54F-A54B-43B7-932C-185590345888}.Development|Any CPU.ActiveCfg = Debug|Any CPU
		{78D8D54F-A54B-43B7-932C-185590345888}.Development|Any CPU.Build.0 = Debug|Any CPU
		{78D8D54F-A54B-43B7-932C-185590345888}.Release|Any CPU.ActiveCfg = Release|Any CPU
		{78D8D54F-A54B-43B7-932C-185590345888}.Release|Any CPU.Build.0 = Release|Any CPU
		{6F8C0564-328E-477B-BD8C-60F5A3F7B111}.Debug|Any CPU.ActiveCfg = Debug|Any CPU
		{6F8C0564-328E-477B-BD8C-60F5A3F7B111}.Debug|Any CPU.Build.0 = Debug|Any CPU
		{6F8C0564-328E-477B-BD8C-60F5A3F7B111}.Debug|Any CPU.Deploy.0 = Debug|Any CPU
		{6F8C0564-328E-477B-BD8C-60F5A3F7B111}.Development|Any CPU.ActiveCfg = Debug|Any CPU
		{6F8C0564-328E-477B-BD8C-60F5A3F7B111}.Development|Any CPU.Build.0 = Debug|Any CPU
		{6F8C0564-328E-477B-BD8C-60F5A3F7B111}.Development|Any CPU.Deploy.0 = Debug|Any CPU
		{6F8C0564-328E-477B-BD8C-60F5A3F7B111}.Release|Any CPU.ActiveCfg = Release|Any CPU
		{6F8C0564-328E-477B-BD8C-60F5A3F7B111}.Release|Any CPU.Build.0 = Release|Any CPU
		{6F8C0564-328E-477B-BD8C-60F5A3F7B111}.Release|Any CPU.Deploy.0 = Release|Any CPU
	EndGlobalSection
	GlobalSection(SolutionProperties) = preSolution
		HideSolutionNode = FALSE
	EndGlobalSection
EndGlobal
